// !$*UTF8*$!
{
	archiveVersion = 1;
	classes = {
	};
	objectVersion = 46;
	objects = {

/* Begin PBXBuildFile section */
		1159283B1E62C45300ADCC2D /* AppDelegate.swift in Sources */ = {isa = PBXBuildFile; fileRef = 1159283A1E62C45300ADCC2D /* AppDelegate.swift */; };
		1159283D1E62C45300ADCC2D /* ViewController.swift in Sources */ = {isa = PBXBuildFile; fileRef = 1159283C1E62C45300ADCC2D /* ViewController.swift */; };
		115928401E62C45300ADCC2D /* Main.storyboard in Resources */ = {isa = PBXBuildFile; fileRef = 1159283E1E62C45300ADCC2D /* Main.storyboard */; };
		115928421E62C45300ADCC2D /* Assets.xcassets in Resources */ = {isa = PBXBuildFile; fileRef = 115928411E62C45300ADCC2D /* Assets.xcassets */; };
		115928451E62C45300ADCC2D /* LaunchScreen.storyboard in Resources */ = {isa = PBXBuildFile; fileRef = 115928431E62C45300ADCC2D /* LaunchScreen.storyboard */; };
		115928501E62C45300ADCC2D /* SurveyExplorerTests.swift in Sources */ = {isa = PBXBuildFile; fileRef = 1159284F1E62C45300ADCC2D /* SurveyExplorerTests.swift */; };
		115980961E62D4AD00F264B0 /* ApiManager.swift in Sources */ = {isa = PBXBuildFile; fileRef = 115980951E62D4AD00F264B0 /* ApiManager.swift */; };
		115980981E62E41300F264B0 /* Survey.swift in Sources */ = {isa = PBXBuildFile; fileRef = 115980971E62E41300F264B0 /* Survey.swift */; };
		1159809B1E63E73300F264B0 /* BasedViewController.swift in Sources */ = {isa = PBXBuildFile; fileRef = 1159809A1E63E73300F264B0 /* BasedViewController.swift */; };
		1159809E1E63E83F00F264B0 /* UserContext.swift in Sources */ = {isa = PBXBuildFile; fileRef = 1159809D1E63E83F00F264B0 /* UserContext.swift */; };
		115980A01E648BAC00F264B0 /* Question.swift in Sources */ = {isa = PBXBuildFile; fileRef = 1159809F1E648BAC00F264B0 /* Question.swift */; };
		115980A21E65446100F264B0 /* BasedNavigationController.swift in Sources */ = {isa = PBXBuildFile; fileRef = 115980A11E65446100F264B0 /* BasedNavigationController.swift */; };
		115980A51E6547AB00F264B0 /* AppTheme.swift in Sources */ = {isa = PBXBuildFile; fileRef = 115980A41E6547AB00F264B0 /* AppTheme.swift */; };
		115980A91E6551FF00F264B0 /* SurveyCollectionViewCell.swift in Sources */ = {isa = PBXBuildFile; fileRef = 115980A71E6551FF00F264B0 /* SurveyCollectionViewCell.swift */; };
		115980AA1E6551FF00F264B0 /* SurveyCollectionViewCell.xib in Resources */ = {isa = PBXBuildFile; fileRef = 115980A81E6551FF00F264B0 /* SurveyCollectionViewCell.xib */; };
		11CC7D991E658558002F42BE /* QuestionViewController.swift in Sources */ = {isa = PBXBuildFile; fileRef = 11CC7D981E658558002F42BE /* QuestionViewController.swift */; };
		47DFD0B397898141854FC6B8 /* Pods_SurveyExplorer.framework in Frameworks */ = {isa = PBXBuildFile; fileRef = 33FC5EB4DF7972CAEB29CF66 /* Pods_SurveyExplorer.framework */; };
		F3A54AAF6FD76128EB832678 /* Pods_SurveyExplorerTests.framework in Frameworks */ = {isa = PBXBuildFile; fileRef = DAF42C6DBA672DE349198AB6 /* Pods_SurveyExplorerTests.framework */; };
/* End PBXBuildFile section */

/* Begin PBXContainerItemProxy section */
		1159284C1E62C45300ADCC2D /* PBXContainerItemProxy */ = {
			isa = PBXContainerItemProxy;
			containerPortal = 1159282F1E62C45200ADCC2D /* Project object */;
			proxyType = 1;
			remoteGlobalIDString = 115928361E62C45300ADCC2D;
			remoteInfo = SurveyExplorer;
		};
/* End PBXContainerItemProxy section */

/* Begin PBXFileReference section */
		115928371E62C45300ADCC2D /* SurveyExplorer.app */ = {isa = PBXFileReference; explicitFileType = wrapper.application; includeInIndex = 0; path = SurveyExplorer.app; sourceTree = BUILT_PRODUCTS_DIR; };
		1159283A1E62C45300ADCC2D /* AppDelegate.swift */ = {isa = PBXFileReference; lastKnownFileType = sourcecode.swift; path = AppDelegate.swift; sourceTree = "<group>"; };
		1159283C1E62C45300ADCC2D /* ViewController.swift */ = {isa = PBXFileReference; lastKnownFileType = sourcecode.swift; path = ViewController.swift; sourceTree = "<group>"; };
		1159283F1E62C45300ADCC2D /* Base */ = {isa = PBXFileReference; lastKnownFileType = file.storyboard; name = Base; path = Base.lproj/Main.storyboard; sourceTree = "<group>"; };
		115928411E62C45300ADCC2D /* Assets.xcassets */ = {isa = PBXFileReference; lastKnownFileType = folder.assetcatalog; path = Assets.xcassets; sourceTree = "<group>"; };
		115928441E62C45300ADCC2D /* Base */ = {isa = PBXFileReference; lastKnownFileType = file.storyboard; name = Base; path = Base.lproj/LaunchScreen.storyboard; sourceTree = "<group>"; };
		115928461E62C45300ADCC2D /* Info.plist */ = {isa = PBXFileReference; lastKnownFileType = text.plist.xml; path = Info.plist; sourceTree = "<group>"; };
		1159284B1E62C45300ADCC2D /* SurveyExplorerTests.xctest */ = {isa = PBXFileReference; explicitFileType = wrapper.cfbundle; includeInIndex = 0; path = SurveyExplorerTests.xctest; sourceTree = BUILT_PRODUCTS_DIR; };
		1159284F1E62C45300ADCC2D /* SurveyExplorerTests.swift */ = {isa = PBXFileReference; lastKnownFileType = sourcecode.swift; path = SurveyExplorerTests.swift; sourceTree = "<group>"; };
		115928511E62C45300ADCC2D /* Info.plist */ = {isa = PBXFileReference; lastKnownFileType = text.plist.xml; path = Info.plist; sourceTree = "<group>"; };
		115980951E62D4AD00F264B0 /* ApiManager.swift */ = {isa = PBXFileReference; fileEncoding = 4; lastKnownFileType = sourcecode.swift; path = ApiManager.swift; sourceTree = "<group>"; };
		115980971E62E41300F264B0 /* Survey.swift */ = {isa = PBXFileReference; fileEncoding = 4; lastKnownFileType = sourcecode.swift; path = Survey.swift; sourceTree = "<group>"; };
		1159809A1E63E73300F264B0 /* BasedViewController.swift */ = {isa = PBXFileReference; fileEncoding = 4; lastKnownFileType = sourcecode.swift; path = BasedViewController.swift; sourceTree = "<group>"; };
		1159809D1E63E83F00F264B0 /* UserContext.swift */ = {isa = PBXFileReference; fileEncoding = 4; lastKnownFileType = sourcecode.swift; path = UserContext.swift; sourceTree = "<group>"; };
		1159809F1E648BAC00F264B0 /* Question.swift */ = {isa = PBXFileReference; fileEncoding = 4; lastKnownFileType = sourcecode.swift; path = Question.swift; sourceTree = "<group>"; };
		115980A11E65446100F264B0 /* BasedNavigationController.swift */ = {isa = PBXFileReference; fileEncoding = 4; lastKnownFileType = sourcecode.swift; path = BasedNavigationController.swift; sourceTree = "<group>"; };
		115980A41E6547AB00F264B0 /* AppTheme.swift */ = {isa = PBXFileReference; fileEncoding = 4; lastKnownFileType = sourcecode.swift; path = AppTheme.swift; sourceTree = "<group>"; };
		115980A71E6551FF00F264B0 /* SurveyCollectionViewCell.swift */ = {isa = PBXFileReference; fileEncoding = 4; lastKnownFileType = sourcecode.swift; path = SurveyCollectionViewCell.swift; sourceTree = "<group>"; };
		115980A81E6551FF00F264B0 /* SurveyCollectionViewCell.xib */ = {isa = PBXFileReference; fileEncoding = 4; lastKnownFileType = file.xib; path = SurveyCollectionViewCell.xib; sourceTree = "<group>"; };
		11CC7D981E658558002F42BE /* QuestionViewController.swift */ = {isa = PBXFileReference; fileEncoding = 4; lastKnownFileType = sourcecode.swift; path = QuestionViewController.swift; sourceTree = "<group>"; };
		33FC5EB4DF7972CAEB29CF66 /* Pods_SurveyExplorer.framework */ = {isa = PBXFileReference; explicitFileType = wrapper.framework; includeInIndex = 0; path = Pods_SurveyExplorer.framework; sourceTree = BUILT_PRODUCTS_DIR; };
		361F88FF485EC20947A50BEE /* Pods-SurveyExplorerTests.debug.xcconfig */ = {isa = PBXFileReference; includeInIndex = 1; lastKnownFileType = text.xcconfig; name = "Pods-SurveyExplorerTests.debug.xcconfig"; path = "Pods/Target Support Files/Pods-SurveyExplorerTests/Pods-SurveyExplorerTests.debug.xcconfig"; sourceTree = "<group>"; };
		39FF007740FFBABB7C0CA2BC /* Pods-SurveyExplorerTests.release.xcconfig */ = {isa = PBXFileReference; includeInIndex = 1; lastKnownFileType = text.xcconfig; name = "Pods-SurveyExplorerTests.release.xcconfig"; path = "Pods/Target Support Files/Pods-SurveyExplorerTests/Pods-SurveyExplorerTests.release.xcconfig"; sourceTree = "<group>"; };
		5B81ADAE7A1BDAAB929F84C5 /* Pods-SurveyExplorer.release.xcconfig */ = {isa = PBXFileReference; includeInIndex = 1; lastKnownFileType = text.xcconfig; name = "Pods-SurveyExplorer.release.xcconfig"; path = "Pods/Target Support Files/Pods-SurveyExplorer/Pods-SurveyExplorer.release.xcconfig"; sourceTree = "<group>"; };
		669D04161C057CB682B615F1 /* Pods-SurveyExplorer.debug.xcconfig */ = {isa = PBXFileReference; includeInIndex = 1; lastKnownFileType = text.xcconfig; name = "Pods-SurveyExplorer.debug.xcconfig"; path = "Pods/Target Support Files/Pods-SurveyExplorer/Pods-SurveyExplorer.debug.xcconfig"; sourceTree = "<group>"; };
		DAF42C6DBA672DE349198AB6 /* Pods_SurveyExplorerTests.framework */ = {isa = PBXFileReference; explicitFileType = wrapper.framework; includeInIndex = 0; path = Pods_SurveyExplorerTests.framework; sourceTree = BUILT_PRODUCTS_DIR; };
/* End PBXFileReference section */

/* Begin PBXFrameworksBuildPhase section */
		115928341E62C45300ADCC2D /* Frameworks */ = {
			isa = PBXFrameworksBuildPhase;
			buildActionMask = 2147483647;
			files = (
				47DFD0B397898141854FC6B8 /* Pods_SurveyExplorer.framework in Frameworks */,
			);
			runOnlyForDeploymentPostprocessing = 0;
		};
		115928481E62C45300ADCC2D /* Frameworks */ = {
			isa = PBXFrameworksBuildPhase;
			buildActionMask = 2147483647;
			files = (
				F3A54AAF6FD76128EB832678 /* Pods_SurveyExplorerTests.framework in Frameworks */,
			);
			runOnlyForDeploymentPostprocessing = 0;
		};
/* End PBXFrameworksBuildPhase section */

/* Begin PBXGroup section */
		1159282E1E62C45200ADCC2D = {
			isa = PBXGroup;
			children = (
				115928391E62C45300ADCC2D /* SurveyExplorer */,
				1159284E1E62C45300ADCC2D /* SurveyExplorerTests */,
				115928381E62C45300ADCC2D /* Products */,
				A26AF536685759A5283825CD /* Pods */,
				1C7067C8CCF4027F63EC957A /* Frameworks */,
			);
			sourceTree = "<group>";
		};
		115928381E62C45300ADCC2D /* Products */ = {
			isa = PBXGroup;
			children = (
				115928371E62C45300ADCC2D /* SurveyExplorer.app */,
				1159284B1E62C45300ADCC2D /* SurveyExplorerTests.xctest */,
			);
			name = Products;
			sourceTree = "<group>";
		};
		115928391E62C45300ADCC2D /* SurveyExplorer */ = {
			isa = PBXGroup;
			children = (
				1159283A1E62C45300ADCC2D /* AppDelegate.swift */,
				115980A31E65478500F264B0 /* Utilities */,
				115980991E63E6FD00F264B0 /* ViewControllers */,
				115980A61E6551CD00F264B0 /* CustomControls */,
				115980941E62D46D00F264B0 /* Api */,
				1159809C1E63E80500F264B0 /* Singletons */,
				115980931E62CA6300F264B0 /* Models */,
				1159283E1E62C45300ADCC2D /* Main.storyboard */,
				115928411E62C45300ADCC2D /* Assets.xcassets */,
				115928431E62C45300ADCC2D /* LaunchScreen.storyboard */,
				115928461E62C45300ADCC2D /* Info.plist */,
			);
			path = SurveyExplorer;
			sourceTree = "<group>";
		};
		1159284E1E62C45300ADCC2D /* SurveyExplorerTests */ = {
			isa = PBXGroup;
			children = (
				1159284F1E62C45300ADCC2D /* SurveyExplorerTests.swift */,
				115928511E62C45300ADCC2D /* Info.plist */,
			);
			path = SurveyExplorerTests;
			sourceTree = "<group>";
		};
		115980931E62CA6300F264B0 /* Models */ = {
			isa = PBXGroup;
			children = (
				115980971E62E41300F264B0 /* Survey.swift */,
				1159809F1E648BAC00F264B0 /* Question.swift */,
			);
			name = Models;
			sourceTree = "<group>";
		};
		115980941E62D46D00F264B0 /* Api */ = {
			isa = PBXGroup;
			children = (
				115980951E62D4AD00F264B0 /* ApiManager.swift */,
			);
			name = Api;
			sourceTree = "<group>";
		};
		115980991E63E6FD00F264B0 /* ViewControllers */ = {
			isa = PBXGroup;
			children = (
				115980A11E65446100F264B0 /* BasedNavigationController.swift */,
				1159809A1E63E73300F264B0 /* BasedViewController.swift */,
				1159283C1E62C45300ADCC2D /* ViewController.swift */,
				11CC7D981E658558002F42BE /* QuestionViewController.swift */,
			);
			name = ViewControllers;
			sourceTree = "<group>";
		};
		1159809C1E63E80500F264B0 /* Singletons */ = {
			isa = PBXGroup;
			children = (
				1159809D1E63E83F00F264B0 /* UserContext.swift */,
			);
			name = Singletons;
			sourceTree = "<group>";
		};
		115980A31E65478500F264B0 /* Utilities */ = {
			isa = PBXGroup;
			children = (
				115980A41E6547AB00F264B0 /* AppTheme.swift */,
			);
			name = Utilities;
			sourceTree = "<group>";
		};
		115980A61E6551CD00F264B0 /* CustomControls */ = {
			isa = PBXGroup;
			children = (
				115980A71E6551FF00F264B0 /* SurveyCollectionViewCell.swift */,
				115980A81E6551FF00F264B0 /* SurveyCollectionViewCell.xib */,
			);
			name = CustomControls;
			sourceTree = "<group>";
		};
		1C7067C8CCF4027F63EC957A /* Frameworks */ = {
			isa = PBXGroup;
			children = (
				33FC5EB4DF7972CAEB29CF66 /* Pods_SurveyExplorer.framework */,
				DAF42C6DBA672DE349198AB6 /* Pods_SurveyExplorerTests.framework */,
			);
			name = Frameworks;
			sourceTree = "<group>";
		};
		A26AF536685759A5283825CD /* Pods */ = {
			isa = PBXGroup;
			children = (
				669D04161C057CB682B615F1 /* Pods-SurveyExplorer.debug.xcconfig */,
				5B81ADAE7A1BDAAB929F84C5 /* Pods-SurveyExplorer.release.xcconfig */,
				361F88FF485EC20947A50BEE /* Pods-SurveyExplorerTests.debug.xcconfig */,
				39FF007740FFBABB7C0CA2BC /* Pods-SurveyExplorerTests.release.xcconfig */,
			);
			name = Pods;
			sourceTree = "<group>";
		};
/* End PBXGroup section */

/* Begin PBXNativeTarget section */
		115928361E62C45300ADCC2D /* SurveyExplorer */ = {
			isa = PBXNativeTarget;
			buildConfigurationList = 115928541E62C45300ADCC2D /* Build configuration list for PBXNativeTarget "SurveyExplorer" */;
			buildPhases = (
				691C69EA802826F6F81F6337 /* [CP] Check Pods Manifest.lock */,
				115928331E62C45300ADCC2D /* Sources */,
				115928341E62C45300ADCC2D /* Frameworks */,
				115928351E62C45300ADCC2D /* Resources */,
				53071544814494950FB17110 /* [CP] Embed Pods Frameworks */,
				6B3CC461FBCFDC7B81385626 /* [CP] Copy Pods Resources */,
			);
			buildRules = (
			);
			dependencies = (
			);
			name = SurveyExplorer;
			productName = SurveyExplorer;
			productReference = 115928371E62C45300ADCC2D /* SurveyExplorer.app */;
			productType = "com.apple.product-type.application";
		};
		1159284A1E62C45300ADCC2D /* SurveyExplorerTests */ = {
			isa = PBXNativeTarget;
			buildConfigurationList = 115928571E62C45300ADCC2D /* Build configuration list for PBXNativeTarget "SurveyExplorerTests" */;
			buildPhases = (
				71E839B52F64E367112F4EF0 /* [CP] Check Pods Manifest.lock */,
				115928471E62C45300ADCC2D /* Sources */,
				115928481E62C45300ADCC2D /* Frameworks */,
				115928491E62C45300ADCC2D /* Resources */,
				C9A2F62FE04289A7F76AC7D5 /* [CP] Embed Pods Frameworks */,
				6A92881DA6A3673BD4E22F43 /* [CP] Copy Pods Resources */,
			);
			buildRules = (
			);
			dependencies = (
				1159284D1E62C45300ADCC2D /* PBXTargetDependency */,
			);
			name = SurveyExplorerTests;
			productName = SurveyExplorerTests;
			productReference = 1159284B1E62C45300ADCC2D /* SurveyExplorerTests.xctest */;
			productType = "com.apple.product-type.bundle.unit-test";
		};
/* End PBXNativeTarget section */

/* Begin PBXProject section */
		1159282F1E62C45200ADCC2D /* Project object */ = {
			isa = PBXProject;
			attributes = {
				LastSwiftUpdateCheck = 0820;
				LastUpgradeCheck = 0820;
				ORGANIZATIONNAME = "Chavalit Vanasapdamrong";
				TargetAttributes = {
					115928361E62C45300ADCC2D = {
						CreatedOnToolsVersion = 8.2.1;
						DevelopmentTeam = YX85Z29F9N;
						ProvisioningStyle = Automatic;
					};
					1159284A1E62C45300ADCC2D = {
						CreatedOnToolsVersion = 8.2.1;
						ProvisioningStyle = Automatic;
						TestTargetID = 115928361E62C45300ADCC2D;
					};
				};
			};
			buildConfigurationList = 115928321E62C45200ADCC2D /* Build configuration list for PBXProject "SurveyExplorer" */;
			compatibilityVersion = "Xcode 3.2";
			developmentRegion = English;
			hasScannedForEncodings = 0;
			knownRegions = (
				en,
				Base,
			);
			mainGroup = 1159282E1E62C45200ADCC2D;
			productRefGroup = 115928381E62C45300ADCC2D /* Products */;
			projectDirPath = "";
			projectRoot = "";
			targets = (
				115928361E62C45300ADCC2D /* SurveyExplorer */,
				1159284A1E62C45300ADCC2D /* SurveyExplorerTests */,
			);
		};
/* End PBXProject section */

/* Begin PBXResourcesBuildPhase section */
		115928351E62C45300ADCC2D /* Resources */ = {
			isa = PBXResourcesBuildPhase;
			buildActionMask = 2147483647;
			files = (
				115928451E62C45300ADCC2D /* LaunchScreen.storyboard in Resources */,
				115928421E62C45300ADCC2D /* Assets.xcassets in Resources */,
				115980AA1E6551FF00F264B0 /* SurveyCollectionViewCell.xib in Resources */,
				115928401E62C45300ADCC2D /* Main.storyboard in Resources */,
			);
			runOnlyForDeploymentPostprocessing = 0;
		};
		115928491E62C45300ADCC2D /* Resources */ = {
			isa = PBXResourcesBuildPhase;
			buildActionMask = 2147483647;
			files = (
			);
			runOnlyForDeploymentPostprocessing = 0;
		};
/* End PBXResourcesBuildPhase section */

/* Begin PBXShellScriptBuildPhase section */
		53071544814494950FB17110 /* [CP] Embed Pods Frameworks */ = {
			isa = PBXShellScriptBuildPhase;
			buildActionMask = 2147483647;
			files = (
			);
			inputPaths = (
			);
			name = "[CP] Embed Pods Frameworks";
			outputPaths = (
			);
			runOnlyForDeploymentPostprocessing = 0;
			shellPath = /bin/sh;
			shellScript = "\"${SRCROOT}/Pods/Target Support Files/Pods-SurveyExplorer/Pods-SurveyExplorer-frameworks.sh\"\n";
			showEnvVarsInLog = 0;
		};
		691C69EA802826F6F81F6337 /* [CP] Check Pods Manifest.lock */ = {
			isa = PBXShellScriptBuildPhase;
			buildActionMask = 2147483647;
			files = (
			);
			inputPaths = (
			);
			name = "[CP] Check Pods Manifest.lock";
			outputPaths = (
			);
			runOnlyForDeploymentPostprocessing = 0;
			shellPath = /bin/sh;
			shellScript = "diff \"${PODS_ROOT}/../Podfile.lock\" \"${PODS_ROOT}/Manifest.lock\" > /dev/null\nif [ $? != 0 ] ; then\n    # print error to STDERR\n    echo \"error: The sandbox is not in sync with the Podfile.lock. Run 'pod install' or update your CocoaPods installation.\" >&2\n    exit 1\nfi\n";
			showEnvVarsInLog = 0;
		};
		6A92881DA6A3673BD4E22F43 /* [CP] Copy Pods Resources */ = {
			isa = PBXShellScriptBuildPhase;
			buildActionMask = 2147483647;
			files = (
			);
			inputPaths = (
			);
			name = "[CP] Copy Pods Resources";
			outputPaths = (
			);
			runOnlyForDeploymentPostprocessing = 0;
			shellPath = /bin/sh;
			shellScript = "\"${SRCROOT}/Pods/Target Support Files/Pods-SurveyExplorerTests/Pods-SurveyExplorerTests-resources.sh\"\n";
			showEnvVarsInLog = 0;
		};
		6B3CC461FBCFDC7B81385626 /* [CP] Copy Pods Resources */ = {
			isa = PBXShellScriptBuildPhase;
			buildActionMask = 2147483647;
			files = (
			);
			inputPaths = (
			);
			name = "[CP] Copy Pods Resources";
			outputPaths = (
			);
			runOnlyForDeploymentPostprocessing = 0;
			shellPath = /bin/sh;
			shellScript = "\"${SRCROOT}/Pods/Target Support Files/Pods-SurveyExplorer/Pods-SurveyExplorer-resources.sh\"\n";
			showEnvVarsInLog = 0;
		};
		71E839B52F64E367112F4EF0 /* [CP] Check Pods Manifest.lock */ = {
			isa = PBXShellScriptBuildPhase;
			buildActionMask = 2147483647;
			files = (
			);
			inputPaths = (
			);
			name = "[CP] Check Pods Manifest.lock";
			outputPaths = (
			);
			runOnlyForDeploymentPostprocessing = 0;
			shellPath = /bin/sh;
			shellScript = "diff \"${PODS_ROOT}/../Podfile.lock\" \"${PODS_ROOT}/Manifest.lock\" > /dev/null\nif [ $? != 0 ] ; then\n    # print error to STDERR\n    echo \"error: The sandbox is not in sync with the Podfile.lock. Run 'pod install' or update your CocoaPods installation.\" >&2\n    exit 1\nfi\n";
			showEnvVarsInLog = 0;
		};
		C9A2F62FE04289A7F76AC7D5 /* [CP] Embed Pods Frameworks */ = {
			isa = PBXShellScriptBuildPhase;
			buildActionMask = 2147483647;
			files = (
			);
			inputPaths = (
			);
			name = "[CP] Embed Pods Frameworks";
			outputPaths = (
			);
			runOnlyForDeploymentPostprocessing = 0;
			shellPath = /bin/sh;
			shellScript = "\"${SRCROOT}/Pods/Target Support Files/Pods-SurveyExplorerTests/Pods-SurveyExplorerTests-frameworks.sh\"\n";
			showEnvVarsInLog = 0;
		};
/* End PBXShellScriptBuildPhase section */

/* Begin PBXSourcesBuildPhase section */
		115928331E62C45300ADCC2D /* Sources */ = {
			isa = PBXSourcesBuildPhase;
			buildActionMask = 2147483647;
			files = (
				1159283D1E62C45300ADCC2D /* ViewController.swift in Sources */,
				115980981E62E41300F264B0 /* Survey.swift in Sources */,
				1159809B1E63E73300F264B0 /* BasedViewController.swift in Sources */,
				115980A51E6547AB00F264B0 /* AppTheme.swift in Sources */,
				115980961E62D4AD00F264B0 /* ApiManager.swift in Sources */,
				1159809E1E63E83F00F264B0 /* UserContext.swift in Sources */,
				115980A21E65446100F264B0 /* BasedNavigationController.swift in Sources */,
				115980A01E648BAC00F264B0 /* Question.swift in Sources */,
				115980A91E6551FF00F264B0 /* SurveyCollectionViewCell.swift in Sources */,
				1159283B1E62C45300ADCC2D /* AppDelegate.swift in Sources */,
				11CC7D991E658558002F42BE /* QuestionViewController.swift in Sources */,
			);
			runOnlyForDeploymentPostprocessing = 0;
		};
		115928471E62C45300ADCC2D /* Sources */ = {
			isa = PBXSourcesBuildPhase;
			buildActionMask = 2147483647;
			files = (
				115928501E62C45300ADCC2D /* SurveyExplorerTests.swift in Sources */,
			);
			runOnlyForDeploymentPostprocessing = 0;
		};
/* End PBXSourcesBuildPhase section */

/* Begin PBXTargetDependency section */
		1159284D1E62C45300ADCC2D /* PBXTargetDependency */ = {
			isa = PBXTargetDependency;
			target = 115928361E62C45300ADCC2D /* SurveyExplorer */;
			targetProxy = 1159284C1E62C45300ADCC2D /* PBXContainerItemProxy */;
		};
/* End PBXTargetDependency section */

/* Begin PBXVariantGroup section */
		1159283E1E62C45300ADCC2D /* Main.storyboard */ = {
			isa = PBXVariantGroup;
			children = (
				1159283F1E62C45300ADCC2D /* Base */,
			);
			name = Main.storyboard;
			sourceTree = "<group>";
		};
		115928431E62C45300ADCC2D /* LaunchScreen.storyboard */ = {
			isa = PBXVariantGroup;
			children = (
				115928441E62C45300ADCC2D /* Base */,
			);
			name = LaunchScreen.storyboard;
			sourceTree = "<group>";
		};
/* End PBXVariantGroup section */

/* Begin XCBuildConfiguration section */
		115928521E62C45300ADCC2D /* Debug */ = {
			isa = XCBuildConfiguration;
			buildSettings = {
				ALWAYS_SEARCH_USER_PATHS = NO;
				CLANG_ANALYZER_NONNULL = YES;
				CLANG_CXX_LANGUAGE_STANDARD = "gnu++0x";
				CLANG_CXX_LIBRARY = "libc++";
				CLANG_ENABLE_MODULES = YES;
				CLANG_ENABLE_OBJC_ARC = YES;
				CLANG_WARN_BOOL_CONVERSION = YES;
				CLANG_WARN_CONSTANT_CONVERSION = YES;
				CLANG_WARN_DIRECT_OBJC_ISA_USAGE = YES_ERROR;
				CLANG_WARN_DOCUMENTATION_COMMENTS = YES;
				CLANG_WARN_EMPTY_BODY = YES;
				CLANG_WARN_ENUM_CONVERSION = YES;
				CLANG_WARN_INFINITE_RECURSION = YES;
				CLANG_WARN_INT_CONVERSION = YES;
				CLANG_WARN_OBJC_ROOT_CLASS = YES_ERROR;
				CLANG_WARN_SUSPICIOUS_MOVE = YES;
				CLANG_WARN_UNREACHABLE_CODE = YES;
				CLANG_WARN__DUPLICATE_METHOD_MATCH = YES;
				"CODE_SIGN_IDENTITY[sdk=iphoneos*]" = "";
				COPY_PHASE_STRIP = NO;
				DEBUG_INFORMATION_FORMAT = dwarf;
				ENABLE_STRICT_OBJC_MSGSEND = YES;
				ENABLE_TESTABILITY = YES;
				GCC_C_LANGUAGE_STANDARD = gnu99;
				GCC_DYNAMIC_NO_PIC = NO;
				GCC_NO_COMMON_BLOCKS = YES;
				GCC_OPTIMIZATION_LEVEL = 0;
				GCC_PREPROCESSOR_DEFINITIONS = (
					"DEBUG=1",
					"$(inherited)",
				);
				GCC_WARN_64_TO_32_BIT_CONVERSION = YES;
				GCC_WARN_ABOUT_RETURN_TYPE = YES_ERROR;
				GCC_WARN_UNDECLARED_SELECTOR = YES;
				GCC_WARN_UNINITIALIZED_AUTOS = YES_AGGRESSIVE;
				GCC_WARN_UNUSED_FUNCTION = YES;
				GCC_WARN_UNUSED_VARIABLE = YES;
				IPHONEOS_DEPLOYMENT_TARGET = 9.0;
				MTL_ENABLE_DEBUG_INFO = YES;
				ONLY_ACTIVE_ARCH = YES;
				SDKROOT = iphoneos;
				SWIFT_ACTIVE_COMPILATION_CONDITIONS = DEBUG;
				SWIFT_OPTIMIZATION_LEVEL = "-Onone";
			};
			name = Debug;
		};
		115928531E62C45300ADCC2D /* Release */ = {
			isa = XCBuildConfiguration;
			buildSettings = {
				ALWAYS_SEARCH_USER_PATHS = NO;
				CLANG_ANALYZER_NONNULL = YES;
				CLANG_CXX_LANGUAGE_STANDARD = "gnu++0x";
				CLANG_CXX_LIBRARY = "libc++";
				CLANG_ENABLE_MODULES = YES;
				CLANG_ENABLE_OBJC_ARC = YES;
				CLANG_WARN_BOOL_CONVERSION = YES;
				CLANG_WARN_CONSTANT_CONVERSION = YES;
				CLANG_WARN_DIRECT_OBJC_ISA_USAGE = YES_ERROR;
				CLANG_WARN_DOCUMENTATION_COMMENTS = YES;
				CLANG_WARN_EMPTY_BODY = YES;
				CLANG_WARN_ENUM_CONVERSION = YES;
				CLANG_WARN_INFINITE_RECURSION = YES;
				CLANG_WARN_INT_CONVERSION = YES;
				CLANG_WARN_OBJC_ROOT_CLASS = YES_ERROR;
				CLANG_WARN_SUSPICIOUS_MOVE = YES;
				CLANG_WARN_UNREACHABLE_CODE = YES;
				CLANG_WARN__DUPLICATE_METHOD_MATCH = YES;
				"CODE_SIGN_IDENTITY[sdk=iphoneos*]" = "";
				COPY_PHASE_STRIP = NO;
				DEBUG_INFORMATION_FORMAT = "dwarf-with-dsym";
				ENABLE_NS_ASSERTIONS = NO;
				ENABLE_STRICT_OBJC_MSGSEND = YES;
				GCC_C_LANGUAGE_STANDARD = gnu99;
				GCC_NO_COMMON_BLOCKS = YES;
				GCC_WARN_64_TO_32_BIT_CONVERSION = YES;
				GCC_WARN_ABOUT_RETURN_TYPE = YES_ERROR;
				GCC_WARN_UNDECLARED_SELECTOR = YES;
				GCC_WARN_UNINITIALIZED_AUTOS = YES_AGGRESSIVE;
				GCC_WARN_UNUSED_FUNCTION = YES;
				GCC_WARN_UNUSED_VARIABLE = YES;
				IPHONEOS_DEPLOYMENT_TARGET = 9.0;
				MTL_ENABLE_DEBUG_INFO = NO;
				SDKROOT = iphoneos;
				SWIFT_OPTIMIZATION_LEVEL = "-Owholemodule";
				VALIDATE_PRODUCT = YES;
			};
			name = Release;
		};
		115928551E62C45300ADCC2D /* Debug */ = {
			isa = XCBuildConfiguration;
			baseConfigurationReference = 669D04161C057CB682B615F1 /* Pods-SurveyExplorer.debug.xcconfig */;
			buildSettings = {
				ASSETCATALOG_COMPILER_APPICON_NAME = AppIcon;
				"CODE_SIGN_IDENTITY[sdk=iphoneos*]" = "iPhone Developer";
				DEVELOPMENT_TEAM = YX85Z29F9N;
				INFOPLIST_FILE = SurveyExplorer/Info.plist;
				LD_RUNPATH_SEARCH_PATHS = "$(inherited) @executable_path/Frameworks";
				PRODUCT_BUNDLE_IDENTIFIER = th.mobile.chavalit.SurveyExplorer;
				PRODUCT_NAME = "$(TARGET_NAME)";
				SWIFT_VERSION = 3.0;
			};
			name = Debug;
		};
		115928561E62C45300ADCC2D /* Release */ = {
			isa = XCBuildConfiguration;
			baseConfigurationReference = 5B81ADAE7A1BDAAB929F84C5 /* Pods-SurveyExplorer.release.xcconfig */;
			buildSettings = {
				ASSETCATALOG_COMPILER_APPICON_NAME = AppIcon;
				"CODE_SIGN_IDENTITY[sdk=iphoneos*]" = "iPhone Developer";
				DEVELOPMENT_TEAM = YX85Z29F9N;
				INFOPLIST_FILE = SurveyExplorer/Info.plist;
				LD_RUNPATH_SEARCH_PATHS = "$(inherited) @executable_path/Frameworks";
				PRODUCT_BUNDLE_IDENTIFIER = th.mobile.chavalit.SurveyExplorer;
				PRODUCT_NAME = "$(TARGET_NAME)";
				SWIFT_VERSION = 3.0;
			};
			name = Release;
		};
		115928581E62C45300ADCC2D /* Debug */ = {
			isa = XCBuildConfiguration;
			baseConfigurationReference = 361F88FF485EC20947A50BEE /* Pods-SurveyExplorerTests.debug.xcconfig */;
			buildSettings = {
				ALWAYS_EMBED_SWIFT_STANDARD_LIBRARIES = YES;
				BUNDLE_LOADER = "$(TEST_HOST)";
				"CODE_SIGN_IDENTITY[sdk=iphoneos*]" = "";
				INFOPLIST_FILE = SurveyExplorerTests/Info.plist;
				LD_RUNPATH_SEARCH_PATHS = "$(inherited) @executable_path/Frameworks @loader_path/Frameworks";
				PRODUCT_BUNDLE_IDENTIFIER = th.mobile.chavalit.SurveyExplorerTests;
				PRODUCT_NAME = "$(TARGET_NAME)";
				SWIFT_VERSION = 3.0;
				TEST_HOST = "$(BUILT_PRODUCTS_DIR)/SurveyExplorer.app/SurveyExplorer";
			};
			name = Debug;
		};
		115928591E62C45300ADCC2D /* Release */ = {
			isa = XCBuildConfiguration;
			baseConfigurationReference = 39FF007740FFBABB7C0CA2BC /* Pods-SurveyExplorerTests.release.xcconfig */;
			buildSettings = {
				ALWAYS_EMBED_SWIFT_STANDARD_LIBRARIES = YES;
				BUNDLE_LOADER = "$(TEST_HOST)";
				"CODE_SIGN_IDENTITY[sdk=iphoneos*]" = "";
				INFOPLIST_FILE = SurveyExplorerTests/Info.plist;
				LD_RUNPATH_SEARCH_PATHS = "$(inherited) @executable_path/Frameworks @loader_path/Frameworks";
				PRODUCT_BUNDLE_IDENTIFIER = th.mobile.chavalit.SurveyExplorerTests;
				PRODUCT_NAME = "$(TARGET_NAME)";
				SWIFT_VERSION = 3.0;
				TEST_HOST = "$(BUILT_PRODUCTS_DIR)/SurveyExplorer.app/SurveyExplorer";
			};
			name = Release;
		};
/* End XCBuildConfiguration section */

/* Begin XCConfigurationList section */
		115928321E62C45200ADCC2D /* Build configuration list for PBXProject "SurveyExplorer" */ = {
			isa = XCConfigurationList;
			buildConfigurations = (
				115928521E62C45300ADCC2D /* Debug */,
				115928531E62C45300ADCC2D /* Release */,
			);
			defaultConfigurationIsVisible = 0;
			defaultConfigurationName = Release;
		};
		115928541E62C45300ADCC2D /* Build configuration list for PBXNativeTarget "SurveyExplorer" */ = {
			isa = XCConfigurationList;
			buildConfigurations = (
				115928551E62C45300ADCC2D /* Debug */,
				115928561E62C45300ADCC2D /* Release */,
			);
			defaultConfigurationIsVisible = 0;
			defaultConfigurationName = Release;
		};
		115928571E62C45300ADCC2D /* Build configuration list for PBXNativeTarget "SurveyExplorerTests" */ = {
			isa = XCConfigurationList;
			buildConfigurations = (
				115928581E62C45300ADCC2D /* Debug */,
				115928591E62C45300ADCC2D /* Release */,
			);
			defaultConfigurationIsVisible = 0;
			defaultConfigurationName = Release;
		};
/* End XCConfigurationList section */
	};
	rootObject = 1159282F1E62C45200ADCC2D /* Project object */;
}
